
Microsoft Visual Studio Solution File, Format Version 12.00
# Visual Studio Version 17
VisualStudioVersion = 17.4.33103.184
MinimumVisualStudioVersion = 10.0.40219.1
Project("{FAE04EC0-301F-11D3-BF4B-00C04F79EFBC}") = "Loops", "Loops\Loops.csproj", "{EC4E8934-FA0F-4B40-9760-48360DBB943A}"
EndProject
Global
	GlobalSection(SolutionConfigurationPlatforms) = preSolution
		Debug|Any CPU = Debug|Any CPU
		Release|Any CPU = Release|Any CPU
	EndGlobalSection
	GlobalSection(ProjectConfigurationPlatforms) = postSolution
		{EC4E8934-FA0F-4B40-9760-48360DBB943A}.Debug|Any CPU.ActiveCfg = Debug|Any CPU
		{EC4E8934-FA0F-4B40-9760-48360DBB943A}.Debug|Any CPU.Build.0 = Debug|Any CPU
		{EC4E8934-FA0F-4B40-9760-48360DBB943A}.Release|Any CPU.ActiveCfg = Release|Any CPU
		{EC4E8934-FA0F-4B40-9760-48360DBB943A}.Release|Any CPU.Build.0 = Release|Any CPU
	EndGlobalSection
	GlobalSection(SolutionProperties) = preSolution
		HideSolutionNode = FALSE
	EndGlobalSection
	GlobalSection(ExtensibilityGlobals) = postSolution
		SolutionGuid = {7038F53C-9D33-4F21-8A9D-CE6FEC07DB74}
	EndGlobalSection
EndGlobal
